<?xml version="1.0" encoding="utf-8"?>
<Project ToolsVersion="4.0" xmlns="http://schemas.microsoft.com/developer/msbuild/2003">
  <ItemGroup>
    <Filter Include="Source Files">
      <UniqueIdentifier>{4FC737F1-C7A5-4376-A066-2A32D752A2FF}</UniqueIdentifier>
      <Extensions>cpp;c;cc;cxx;c++;cppm;ixx;def;odl;idl;hpj;bat;asm;asmx</Extensions>
    </Filter>
    <Filter Include="Resource Files">
      <UniqueIdentifier>{67DA6AB6-F800-4c08-8B7A-83BB121AAD01}</UniqueIdentifier>
      <Extensions>rc;ico;cur;bmp;dlg;rc2;rct;bin;rgs;gif;jpg;jpeg;jpe;resx;tiff;tif;png;wav;mfcribbon-ms</Extensions>
    </Filter>
    <Filter Include="Lib">
      <UniqueIdentifier>{e0c10181-aa62-4a1f-8145-c09cb49b33f3}</UniqueIdentifier>
    </Filter>
    <Filter Include="Lib\Sorting">
      <UniqueIdentifier>{c61965a5-7ff4-4aa9-8642-e4c2910e63bd}</UniqueIdentifier>
    </Filter>
    <Filter Include="Lib\Binary Search">
      <UniqueIdentifier>{80a84c30-349e-40f4-9be5-660272b84ee1}</UniqueIdentifier>
    </Filter>
    <Filter Include="Lib\Hash Table">
      <UniqueIdentifier>{b85b663c-a6b9-48ed-a453-fbf7b452b09e}</UniqueIdentifier>
    </Filter>
    <Filter Include="Lib\Two Pointers">
      <UniqueIdentifier>{5676c280-a8c2-4008-ab25-58f08a9bcdd7}</UniqueIdentifier>
    </Filter>
    <Filter Include="Lib\String">
      <UniqueIdentifier>{d5492031-93ad-4207-a496-2820aeb3bc31}</UniqueIdentifier>
    </Filter>
    <Filter Include="Lib\Dynamic Programming">
      <UniqueIdentifier>{2ab486ed-68a6-4123-ae79-e0a31eb05432}</UniqueIdentifier>
    </Filter>
    <Filter Include="Lib\Bitwise">
      <UniqueIdentifier>{5d029b82-6a3b-4de1-aed9-72998d199d94}</UniqueIdentifier>
    </Filter>
    <Filter Include="Lib\Linked List">
      <UniqueIdentifier>{d6c350b2-c618-4427-85df-7fa764d293df}</UniqueIdentifier>
    </Filter>
  </ItemGroup>
  <ItemGroup>
    <ClCompile Include="main.cpp">
      <Filter>Source Files</Filter>
    </ClCompile>
  </ItemGroup>
  <ItemGroup>
    <ClInclude Include="Sorting\RadixSort.h">
      <Filter>Lib\Sorting</Filter>
    </ClInclude>
    <ClInclude Include="Sorting\SortedArrayModified.h">
      <Filter>Lib\Sorting</Filter>
    </ClInclude>
    <ClInclude Include="Binary Search\MinimumTimeToRepairCars.h">
      <Filter>Lib\Binary Search</Filter>
    </ClInclude>
    <ClInclude Include="Hash Table\DestroySequentialTargets.h">
      <Filter>Lib\Hash Table</Filter>
    </ClInclude>
    <ClInclude Include="Common.h">
      <Filter>Lib</Filter>
    </ClInclude>
    <ClInclude Include="Two Pointers\IntervalListIntersections.h">
      <Filter>Lib\Two Pointers</Filter>
    </ClInclude>
    <ClInclude Include="Two Pointers\MergeInternals.h">
      <Filter>Lib\Two Pointers</Filter>
    </ClInclude>
    <ClInclude Include="Two Pointers\TakeKOfEachChar.h">
      <Filter>Lib\Two Pointers</Filter>
    </ClInclude>
    <ClInclude Include="String\KMP.h">
      <Filter>Lib\String</Filter>
    </ClInclude>
    <ClInclude Include="Dynamic Programming\HouseRobber.h">
      <Filter>Lib\Dynamic Programming</Filter>
    </ClInclude>
    <ClInclude Include="Two Pointers\RemoveElements.h">
      <Filter>Lib\Two Pointers</Filter>
    </ClInclude>
    <ClInclude Include="Bitwise\MajorityElement.h">
      <Filter>Lib\Bitwise</Filter>
    </ClInclude>
    <ClInclude Include="Linked List\Reverse.h">
      <Filter>Lib\Linked List</Filter>
    </ClInclude>
    <ClInclude Include="Linked List\Cycle.h">
      <Filter>Lib\Linked List</Filter>
    </ClInclude>
    <ClInclude Include="Linked List\AddNumbers.h">
      <Filter>Lib\Linked List</Filter>
    </ClInclude>
  </ItemGroup>
</Project>